// !$*UTF8*$!
{
	archiveVersion = 1;
	classes = {
	};
	objectVersion = 56;
	objects = {

/* Begin PBXBuildFile section */
		570833402FDA566A00CF429A /* Config.swift in Sources */ = {isa = PBXBuildFile; fileRef = 5708333F2FDA566A00CF429A /* Config.swift */; };
		5785EA0E2FDA3CD8008213C5 /* Polarisapp.swift in Sources */ = {isa = PBXBuildFile; fileRef = 5785EA0D2FDA3CD8008213C5 /* Polarisapp.swift */; };
		5785EA102FDA3D27008213C5 /* Toolsandview.swift in Sources */ = {isa = PBXBuildFile; fileRef = 5785EA0F2FDA3D27008213C5 /* Toolsandview.swift */; };
		57C4BF852FDA3ABA003F7F4C /* Assets.xcassets in Resources */ = {isa = PBXBuildFile; fileRef = 57C4BF842FDA3ABA003F7F4C /* Assets.xcassets */; };
		57C4BF882FDA3ABA003F7F4C /* Preview Assets.xcassets in Resources */ = {isa = PBXBuildFile; fileRef = 57C4BF872FDA3ABA003F7F4C /* Preview Assets.xcassets */; };
		57C4BF932FDA3ABA003F7F4C /* Jeremy_AITests.swift in Sources */ = {isa = PBXBuildFile; fileRef = 57C4BF922FDA3ABA003F7F4C /* Jeremy_AITests.swift */; };
		57C4BF9D2FDA3ABA003F7F4C /* Jeremy_AIUITests.swift in Sources */ = {isa = PBXBuildFile; fileRef = 57C4BF9C2FDA3ABA003F7F4C /* Jeremy_AIUITests.swift */; };
		57C4BF9F2FDA3ABA003F7F4C /* Jeremy_AIUITestsLaunchTests.swift in Sources */ = {isa = PBXBuildFile; fileRef = 57C4BF9E2FDA3ABA003F7F4C /* Jeremy_AIUITestsLaunchTests.swift */; };
		57C4BFAE2FDA3BF3003F7F4C /* AIservice.swift in Sources */ = {isa = PBXBuildFile; fileRef = 57C4BFAD2FDA3BF3003F7F4C /* AIservice.swift */; };
/* End PBXBuildFile section */

/* Begin PBXContainerItemProxy section */
		57C4BF8F2FDA3ABA003F7F4C /* PBXContainerItemProxy */ = {
			isa = PBXContainerItemProxy;
			containerPortal = 57C4BF752FDA3AB9003F7F4C /* Project object */;
			proxyType = 1;
			remoteGlobalIDString = 57C4BF7C2FDA3AB9003F7F4C;
			remoteInfo = "Jeremy AI";
		};
		57C4BF992FDA3ABA003F7F4C /* PBXContainerItemProxy */ = {
			isa = PBXContainerItemProxy;
			containerPortal = 57C4BF752FDA3AB9003F7F4C /* Project object */;
			proxyType = 1;
			remoteGlobalIDString = 57C4BF7C2FDA3AB9003F7F4C;
			remoteInfo = "Jeremy AI";
		};
/* End PBXContainerItemProxy section */

/* Begin PBXFileReference section */
		5708333F2FDA566A00CF429A /* Config.swift */ = {isa = PBXFileReference; lastKnownFileType = sourcecode.swift; path = Config.swift; sourceTree = "<group>"; };
		570833412FDA576300CF429A /* Config.swift.example */ = {isa = PBXFileReference; lastKnownFileType = text; path = Config.swift.example; sourceTree = "<group>"; };
		5785EA0D2FDA3CD8008213C5 /* Polarisapp.swift */ = {isa = PBXFileReference; lastKnownFileType = sourcecode.swift; path = Polarisapp.swift; sourceTree = "<group>"; };
		5785EA0F2FDA3D27008213C5 /* Toolsandview.swift */ = {isa = PBXFileReference; lastKnownFileType = sourcecode.swift; path = Toolsandview.swift; sourceTree = "<group>"; };
		5785EA112FDA4912008213C5 /* Jeremy-AI-Info.plist */ = {isa = PBXFileReference; lastKnownFileType = text.plist; path = "Jeremy-AI-Info.plist"; sourceTree = SOURCE_ROOT; };
		57C4BF7D2FDA3AB9003F7F4C /* Jeremy AI.app */ = {isa = PBXFileReference; explicitFileType = wrapper.application; includeInIndex = 0; path = "Jeremy AI.app"; sourceTree = BUILT_PRODUCTS_DIR; };
		57C4BF842FDA3ABA003F7F4C /* Assets.xcassets */ = {isa = PBXFileReference; lastKnownFileType = folder.assetcatalog; path = Assets.xcassets; sourceTree = "<group>"; };
		57C4BF872FDA3ABA003F7F4C /* Preview Assets.xcassets */ = {isa = PBXFileReference; lastKnownFileType = folder.assetcatalog; path = "Preview Assets.xcassets"; sourceTree = "<group>"; };
		57C4BF892FDA3ABA003F7F4C /* Jeremy_AI.entitlements */ = {isa = PBXFileReference; lastKnownFileType = text.plist.entitlements; path = Jeremy_AI.entitlements; sourceTree = "<group>"; };
		57C4BF8E2FDA3ABA003F7F4C /* Jeremy AITests.xctest */ = {isa = PBXFileReference; explicitFileType = wrapper.cfbundle; includeInIndex = 0; path = "Jeremy AITests.xctest"; sourceTree = BUILT_PRODUCTS_DIR; };
		57C4BF922FDA3ABA003F7F4C /* Jeremy_AITests.swift */ = {isa = PBXFileReference; lastKnownFileType = sourcecode.swift; path = Jeremy_AITests.swift; sourceTree = "<group>"; };
		57C4BF982FDA3ABA003F7F4C /* Jeremy AIUITests.xctest */ = {isa = PBXFileReference; explicitFileType = wrapper.cfbundle; includeInIndex = 0; path = "Jeremy AIUITests.xctest"; sourceTree = BUILT_PRODUCTS_DIR; };
		57C4BF9C2FDA3ABA003F7F4C /* Jeremy_AIUITests.swift */ = {isa = PBXFileReference; lastKnownFileType = sourcecode.swift; path = Jeremy_AIUITests.swift; sourceTree = "<group>"; };
		57C4BF9E2FDA3ABA003F7F4C /* Jeremy_AIUITestsLaunchTests.swift */ = {isa = PBXFileReference; lastKnownFileType = sourcecode.swift; path = Jeremy_AIUITestsLaunchTests.swift; sourceTree = "<group>"; };
		57C4BFAD2FDA3BF3003F7F4C /* AIservice.swift */ = {isa = PBXFileReference; lastKnownFileType = sourcecode.swift; path = AIservice.swift; sourceTree = "<group>"; };
/* End PBXFileReference section */

/* Begin PBXFrameworksBuildPhase section */
		57C4BF7A2FDA3AB9003F7F4C /* Frameworks */ = {
			isa = PBXFrameworksBuildPhase;
			buildActionMask = 2147483647;
			files = (
			);
			runOnlyForDeploymentPostprocessing = 0;
		};
		57C4BF8B2FDA3ABA003F7F4C /* Frameworks */ = {
			isa = PBXFrameworksBuildPhase;
			buildActionMask = 2147483647;
			files = (
			);
			runOnlyForDeploymentPostprocessing = 0;
		};
		57C4BF952FDA3ABA003F7F4C /* Frameworks */ = {
			isa = PBXFrameworksBuildPhase;
			buildActionMask = 2147483647;
			files = (
			);
			runOnlyForDeploymentPostprocessing = 0;
		};
/* End PBXFrameworksBuildPhase section */

/* Begin PBXGroup section */
		57C4BF742FDA3AB9003F7F4C = {
			isa = PBXGroup;
			children = (
				57C4BF7F2FDA3AB9003F7F4C /* Jeremy AI */,
				57C4BF912FDA3ABA003F7F4C /* Jeremy AITests */,
				57C4BF9B2FDA3ABA003F7F4C /* Jeremy AIUITests */,
				57C4BF7E2FDA3AB9003F7F4C /* Products */,
			);
			sourceTree = "<group>";
		};
		57C4BF7E2FDA3AB9003F7F4C /* Products */ = {
			isa = PBXGroup;
			children = (
				57C4BF7D2FDA3AB9003F7F4C /* Jeremy AI.app */,
				57C4BF8E2FDA3ABA003F7F4C /* Jeremy AITests.xctest */,
				57C4BF982FDA3ABA003F7F4C /* Jeremy AIUITests.xctest */,
			);
			name = Products;
			sourceTree = "<group>";
		};
		57C4BF7F2FDA3AB9003F7F4C /* Jeremy AI */ = {
			isa = PBXGroup;
			children = (
				5785EA112FDA4912008213C5 /* Jeremy-AI-Info.plist */,
				5785EA0F2FDA3D27008213C5 /* Toolsandview.swift */,
				57C4BFAD2FDA3BF3003F7F4C /* AIservice.swift */,
				5785EA0D2FDA3CD8008213C5 /* Polarisapp.swift */,
				5708333F2FDA566A00CF429A /* Config.swift */,
				570833412FDA576300CF429A /* Config.swift.example */,
				57C4BF842FDA3ABA003F7F4C /* Assets.xcassets */,
				57C4BF892FDA3ABA003F7F4C /* Jeremy_AI.entitlements */,
				57C4BF862FDA3ABA003F7F4C /* Preview Content */,
			);
			path = "Jeremy AI";
			sourceTree = "<group>";
		};
		57C4BF862FDA3ABA003F7F4C /* Preview Content */ = {
			isa = PBXGroup;
			children = (
				57C4BF872FDA3ABA003F7F4C /* Preview Assets.xcassets */,
			);
			path = "Preview Content";
			sourceTree = "<group>";
		};
		57C4BF912FDA3ABA003F7F4C /* Jeremy AITests */ = {
			isa = PBXGroup;
			children = (
				57C4BF922FDA3ABA003F7F4C /* Jeremy_AITests.swift */,
			);
			path = "Jeremy AITests";
			sourceTree = "<group>";
		};
		57C4BF9B2FDA3ABA003F7F4C /* Jeremy AIUITests */ = {
			isa = PBXGroup;
			children = (
				57C4BF9C2FDA3ABA003F7F4C /* Jeremy_AIUITests.swift */,
				57C4BF9E2FDA3ABA003F7F4C /* Jeremy_AIUITestsLaunchTests.swift */,
			);
			path = "Jeremy AIUITests";
			sourceTree = "<group>";
		};
/* End PBXGroup section */

/* Begin PBXNativeTarget section */
		57C4BF7C2FDA3AB9003F7F4C /* Jeremy AI */ = {
			isa = PBXNativeTarget;
			buildConfigurationList = 57C4BFA22FDA3ABA003F7F4C /* Build configuration list for PBXNativeTarget "Jeremy AI" */;
			buildPhases = (
				57C4BF792FDA3AB9003F7F4C /* Sources */,
				57C4BF7A2FDA3AB9003F7F4C /* Frameworks */,
				57C4BF7B2FDA3AB9003F7F4C /* Resources */,
			);
			buildRules = (
			);
			dependencies = (
			);
			name = "Jeremy AI";
			productName = "Jeremy AI";
			productReference = 57C4BF7D2FDA3AB9003F7F4C /* Jeremy AI.app */;
			productType = "com.apple.product-type.application";
		};
		57C4BF8D2FDA3ABA003F7F4C /* Jeremy AITests */ = {
			isa = PBXNativeTarget;
			buildConfigurationList = 57C4BFA52FDA3ABA003F7F4C /* Build configuration list for PBXNativeTarget "Jeremy AITests" */;
			buildPhases = (
				57C4BF8A2FDA3ABA003F7F4C /* Sources */,
				57C4BF8B2FDA3ABA003F7F4C /* Frameworks */,
				57C4BF8C2FDA3ABA003F7F4C /* Resources */,
			);
			buildRules = (
			);
			dependencies = (
				57C4BF902FDA3ABA003F7F4C /* PBXTargetDependency */,
			);
			name = "Jeremy AITests";
			productName = "Jeremy AITests";
			productReference = 57C4BF8E2FDA3ABA003F7F4C /* Jeremy AITests.xctest */;
			productType = "com.apple.product-type.bundle.unit-test";
		};
		57C4BF972FDA3ABA003F7F4C /* Jeremy AIUITests */ = {
			isa = PBXNativeTarget;
			buildConfigurationList = 57C4BFA82FDA3ABA003F7F4C /* Build configuration list for PBXNativeTarget "Jeremy AIUITests" */;
			buildPhases = (
				57C4BF942FDA3ABA003F7F4C /* Sources */,
				57C4BF952FDA3ABA003F7F4C /* Frameworks */,
				57C4BF962FDA3ABA003F7F4C /* Resources */,
			);
			buildRules = (
			);
			dependencies = (
				57C4BF9A2FDA3ABA003F7F4C /* PBXTargetDependency */,
			);
			name = "Jeremy AIUITests";
			productName = "Jeremy AIUITests";
			productReference = 57C4BF982FDA3ABA003F7F4C /* Jeremy AIUITests.xctest */;
			productType = "com.apple.product-type.bundle.ui-testing";
		};
/* End PBXNativeTarget section */

/* Begin PBXProject section */
		57C4BF752FDA3AB9003F7F4C /* Project object */ = {
			isa = PBXProject;
			attributes = {
				BuildIndependentTargetsInParallel = 1;
				LastSwiftUpdateCheck = 1540;
				LastUpgradeCheck = 1540;
				TargetAttributes = {
					57C4BF7C2FDA3AB9003F7F4C = {
						CreatedOnToolsVersion = 15.4;
					};
					57C4BF8D2FDA3ABA003F7F4C = {
						CreatedOnToolsVersion = 15.4;
						TestTargetID = 57C4BF7C2FDA3AB9003F7F4C;
					};
					57C4BF972FDA3ABA003F7F4C = {
						CreatedOnToolsVersion = 15.4;
						TestTargetID = 57C4BF7C2FDA3AB9003F7F4C;
					};
				};
			};
			buildConfigurationList = 57C4BF782FDA3AB9003F7F4C /* Build configuration list for PBXProject "Jeremy AI" */;
			compatibilityVersion = "Xcode 14.0";
			developmentRegion = en;
			hasScannedForEncodings = 0;
			knownRegions = (
				en,
				Base,
			);
			mainGroup = 57C4BF742FDA3AB9003F7F4C;
			productRefGroup = 57C4BF7E2FDA3AB9003F7F4C /* Products */;
			projectDirPath = "";
			projectRoot = "";
			targets = (
				57C4BF7C2FDA3AB9003F7F4C /* Jeremy AI */,
				57C4BF8D2FDA3ABA003F7F4C /* Jeremy AITests */,
				57C4BF972FDA3ABA003F7F4C /* Jeremy AIUITests */,
			);
		};
/* End PBXProject section */

/* Begin PBXResourcesBuildPhase section */
		57C4BF7B2FDA3AB9003F7F4C /* Resources */ = {
			isa = PBXResourcesBuildPhase;
			buildActionMask = 2147483647;
			files = (
				57C4BF882FDA3ABA003F7F4C /* Preview Assets.xcassets in Resources */,
				57C4BF852FDA3ABA003F7F4C /* Assets.xcassets in Resources */,
			);
			runOnlyForDeploymentPostprocessing = 0;
		};
		57C4BF8C2FDA3ABA003F7F4C /* Resources */ = {
			isa = PBXResourcesBuildPhase;
			buildActionMask = 2147483647;
			files = (
			);
			runOnlyForDeploymentPostprocessing = 0;
		};
		57C4BF962FDA3ABA003F7F4C /* Resources */ = {
			isa = PBXResourcesBuildPhase;
			buildActionMask = 2147483647;
			files = (
			);
			runOnlyForDeploymentPostprocessing = 0;
		};
/* End PBXResourcesBuildPhase section */

/* Begin PBXSourcesBuildPhase section */
		57C4BF792FDA3AB9003F7F4C /* Sources */ = {
			isa = PBXSourcesBuildPhase;
			buildActionMask = 2147483647;
			files = (
				57C4BFAE2FDA3BF3003F7F4C /* AIservice.swift in Sources */,
				570833402FDA566A00CF429A /* Config.swift in Sources */,
				5785EA0E2FDA3CD8008213C5 /* Polarisapp.swift in Sources */,
				5785EA102FDA3D27008213C5 /* Toolsandview.swift in Sources */,
			);
			runOnlyForDeploymentPostprocessing = 0;
		};
		57C4BF8A2FDA3ABA003F7F4C /* Sources */ = {
			isa = PBXSourcesBuildPhase;
			buildActionMask = 2147483647;
			files = (
				57C4BF932FDA3ABA003F7F4C /* Jeremy_AITests.swift in Sources */,
			);
			runOnlyForDeploymentPostprocessing = 0;
		};
		57C4BF942FDA3ABA003F7F4C /* Sources */ = {
			isa = PBXSourcesBuildPhase;
			buildActionMask = 2147483647;
			files = (
				57C4BF9F2FDA3ABA003F7F4C /* Jeremy_AIUITestsLaunchTests.swift in Sources */,
				57C4BF9D2FDA3ABA003F7F4C /* Jeremy_AIUITests.swift in Sources */,
			);
			runOnlyForDeploymentPostprocessing = 0;
		};
/* End PBXSourcesBuildPhase section */

/* Begin PBXTargetDependency section */
		57C4BF902FDA3ABA003F7F4C /* PBXTargetDependency */ = {
			isa = PBXTargetDependency;
			target = 57C4BF7C2FDA3AB9003F7F4C /* Jeremy AI */;
			targetProxy = 57C4BF8F2FDA3ABA003F7F4C /* PBXContainerItemProxy */;
		};
		57C4BF9A2FDA3ABA003F7F4C /* PBXTargetDependency */ = {
			isa = PBXTargetDependency;
			target = 57C4BF7C2FDA3AB9003F7F4C /* Jeremy AI */;
			targetProxy = 57C4BF992FDA3ABA003F7F4C /* PBXContainerItemProxy */;
		};
/* End PBXTargetDependency section */

/* Begin XCBuildConfiguration section */
		57C4BFA02FDA3ABA003F7F4C /* Debug */ = {
			isa = XCBuildConfiguration;
			buildSettings = {
				ALWAYS_SEARCH_USER_PATHS = NO;
				ASSETCATALOG_COMPILER_GENERATE_SWIFT_ASSET_SYMBOL_EXTENSIONS = YES;
				CLANG_ANALYZER_NONNULL = YES;
				CLANG_ANALYZER_NUMBER_OBJECT_CONVERSION = YES_AGGRESSIVE;
				CLANG_CXX_LANGUAGE_STANDARD = "gnu++20";
				CLANG_ENABLE_MODULES = YES;
				CLANG_ENABLE_OBJC_ARC = YES;
				CLANG_ENABLE_OBJC_WEAK = YES;
				CLANG_WARN_BLOCK_CAPTURE_AUTORELEASING = YES;
				CLANG_WARN_BOOL_CONVERSION = YES;
				CLANG_WARN_COMMA = YES;
				CLANG_WARN_CONSTANT_CONVERSION = YES;
				CLANG_WARN_DEPRECATED_OBJC_IMPLEMENTATIONS = YES;
				CLANG_WARN_DIRECT_OBJC_ISA_USAGE = YES_ERROR;
				CLANG_WARN_DOCUMENTATION_COMMENTS = YES;
				CLANG_WARN_EMPTY_BODY = YES;
				CLANG_WARN_ENUM_CONVERSION = YES;
				CLANG_WARN_INFINITE_RECURSION = YES;
				CLANG_WARN_INT_CONVERSION = YES;
				CLANG_WARN_NON_LITERAL_NULL_CONVERSION = YES;
				CLANG_WARN_OBJC_IMPLICIT_RETAIN_SELF = YES;
				CLANG_WARN_OBJC_LITERAL_CONVERSION = YES;
				CLANG_WARN_OBJC_ROOT_CLASS = YES_ERROR;
				CLANG_WARN_QUOTED_INCLUDE_IN_FRAMEWORK_HEADER = YES;
				CLANG_WARN_RANGE_LOOP_ANALYSIS = YES;
				CLANG_WARN_STRICT_PROTOTYPES = YES;
				CLANG_WARN_SUSPICIOUS_MOVE = YES;
				CLANG_WARN_UNGUARDED_AVAILABILITY = YES_AGGRESSIVE;
				CLANG_WARN_UNREACHABLE_CODE = YES;
				CLANG_WARN__DUPLICATE_METHOD_MATCH = YES;
				COPY_PHASE_STRIP = NO;
				DEBUG_INFORMATION_FORMAT = dwarf;
				ENABLE_STRICT_OBJC_MSGSEND = YES;
				ENABLE_TESTABILITY = YES;
				ENABLE_USER_SCRIPT_SANDBOXING = YES;
				GCC_C_LANGUAGE_STANDARD = gnu17;
				GCC_DYNAMIC_NO_PIC = NO;
				GCC_NO_COMMON_BLOCKS = YES;
				GCC_OPTIMIZATION_LEVEL = 0;
				GCC_PREPROCESSOR_DEFINITIONS = (
					"DEBUG=1",
					"$(inherited)",
				);
				GCC_WARN_64_TO_32_BIT_CONVERSION = YES;
				GCC_WARN_ABOUT_RETURN_TYPE = YES_ERROR;
				GCC_WARN_UNDECLARED_SELECTOR = YES;
				GCC_WARN_UNINITIALIZED_AUTOS = YES_AGGRESSIVE;
				GCC_WARN_UNUSED_FUNCTION = YES;
				GCC_WARN_UNUSED_VARIABLE = YES;
				LOCALIZATION_PREFERS_STRING_CATALOGS = YES;
				MACOSX_DEPLOYMENT_TARGET = 14.1;
				MTL_ENABLE_DEBUG_INFO = INCLUDE_SOURCE;
				MTL_FAST_MATH = YES;
				ONLY_ACTIVE_ARCH = YES;
				SDKROOT = macosx;
				SWIFT_ACTIVE_COMPILATION_CONDITIONS = "DEBUG $(inherited)";
				SWIFT_OPTIMIZATION_LEVEL = "-Onone";
			};
			name = Debug;
		};
		57C4BFA12FDA3ABA003F7F4C /* Release */ = {
			isa = XCBuildConfiguration;
			buildSettings = {
				ALWAYS_SEARCH_USER_PATHS = NO;
				ASSETCATALOG_COMPILER_GENERATE_SWIFT_ASSET_SYMBOL_EXTENSIONS = YES;
				CLANG_ANALYZER_NONNULL = YES;
				CLANG_ANALYZER_NUMBER_OBJECT_CONVERSION = YES_AGGRESSIVE;
				CLANG_CXX_LANGUAGE_STANDARD = "gnu++20";
				CLANG_ENABLE_MODULES = YES;
				CLANG_ENABLE_OBJC_ARC = YES;
				CLANG_ENABLE_OBJC_WEAK = YES;
				CLANG_WARN_BLOCK_CAPTURE_AUTORELEASING = YES;
				CLANG_WARN_BOOL_CONVERSION = YES;
				CLANG_WARN_COMMA = YES;
				CLANG_WARN_CONSTANT_CONVERSION = YES;
				CLANG_WARN_DEPRECATED_OBJC_IMPLEMENTATIONS = YES;
				CLANG_WARN_DIRECT_OBJC_ISA_USAGE = YES_ERROR;
				CLANG_WARN_DOCUMENTATION_COMMENTS = YES;
				CLANG_WARN_EMPTY_BODY = YES;
				CLANG_WARN_ENUM_CONVERSION = YES;
				CLANG_WARN_INFINITE_RECURSION = YES;
				CLANG_WARN_INT_CONVERSION = YES;
				CLANG_WARN_NON_LITERAL_NULL_CONVERSION = YES;
				CLANG_WARN_OBJC_IMPLICIT_RETAIN_SELF = YES;
				CLANG_WARN_OBJC_LITERAL_CONVERSION = YES;
				CLANG_WARN_OBJC_ROOT_CLASS = YES_ERROR;
				CLANG_WARN_QUOTED_INCLUDE_IN_FRAMEWORK_HEADER = YES;
				CLANG_WARN_RANGE_LOOP_ANALYSIS = YES;
				CLANG_WARN_STRICT_PROTOTYPES = YES;
				CLANG_WARN_SUSPICIOUS_MOVE = YES;
				CLANG_WARN_UNGUARDED_AVAILABILITY = YES_AGGRESSIVE;
				CLANG_WARN_UNREACHABLE_CODE = YES;
				CLANG_WARN__DUPLICATE_METHOD_MATCH = YES;
				COPY_PHASE_STRIP = NO;
				DEBUG_INFORMATION_FORMAT = "dwarf-with-dsym";
				ENABLE_NS_ASSERTIONS = NO;
				ENABLE_STRICT_OBJC_MSGSEND = YES;
				ENABLE_USER_SCRIPT_SANDBOXING = YES;
				GCC_C_LANGUAGE_STANDARD = gnu17;
				GCC_NO_COMMON_BLOCKS = YES;
				GCC_WARN_64_TO_32_BIT_CONVERSION = YES;
				GCC_WARN_ABOUT_RETURN_TYPE = YES_ERROR;
				GCC_WARN_UNDECLARED_SELECTOR = YES;
				GCC_WARN_UNINITIALIZED_AUTOS = YES_AGGRESSIVE;
				GCC_WARN_UNUSED_FUNCTION = YES;
				GCC_WARN_UNUSED_VARIABLE = YES;
				LOCALIZATION_PREFERS_STRING_CATALOGS = YES;
				MACOSX_DEPLOYMENT_TARGET = 14.1;
				MTL_ENABLE_DEBUG_INFO = NO;
				MTL_FAST_MATH = YES;
				SDKROOT = macosx;
				SWIFT_COMPILATION_MODE = wholemodule;
			};
			name = Release;
		};
		57C4BFA32FDA3ABA003F7F4C /* Debug */ = {
			isa = XCBuildConfiguration;
			buildSettings = {
				ASSETCATALOG_COMPILER_APPICON_NAME = AppIcon;
				ASSETCATALOG_COMPILER_GLOBAL_ACCENT_COLOR_NAME = AccentColor;
				CODE_SIGN_ENTITLEMENTS = "Jeremy AI/Jeremy_AI.entitlements";
				CODE_SIGN_STYLE = Automatic;
				COMBINE_HIDPI_IMAGES = YES;
				CURRENT_PROJECT_VERSION = 1;
				DEVELOPMENT_ASSET_PATHS = "\"Jeremy AI/Preview Content\"";
				ENABLE_PREVIEWS = YES;
				GENERATE_INFOPLIST_FILE = YES;
				INFOPLIST_FILE = "Jeremy-AI-Info.plist";
				INFOPLIST_KEY_NSAppleEventsUsageDescription = "";
				INFOPLIST_KEY_NSCalendarsUsageDescription = "";
				INFOPLIST_KEY_NSHumanReadableCopyright = "";
				LD_RUNPATH_SEARCH_PATHS = (
					"$(inherited)",
					"@executable_path/../Frameworks",
				);
				MACOSX_DEPLOYMENT_TARGET = 26.0;
				MARKETING_VERSION = 1.0;
				PRODUCT_BUNDLE_IDENTIFIER = "com.cjeremy.my-Jeremy-AI";
				PRODUCT_NAME = "$(TARGET_NAME)";
				SWIFT_EMIT_LOC_STRINGS = YES;
				SWIFT_VERSION = 5.0;
			};
			name = Debug;
		};
		57C4BFA42FDA3ABA003F7F4C /* Release */ = {
			isa = XCBuildConfiguration;
			buildSettings = {
				ASSETCATALOG_COMPILER_APPICON_NAME = AppIcon;
				ASSETCATALOG_COMPILER_GLOBAL_ACCENT_COLOR_NAME = AccentColor;
				CODE_SIGN_ENTITLEMENTS = "Jeremy AI/Jeremy_AI.entitlements";
				CODE_SIGN_STYLE = Automatic;
				COMBINE_HIDPI_IMAGES = YES;
				CURRENT_PROJECT_VERSION = 1;
				DEVELOPMENT_ASSET_PATHS = "\"Jeremy AI/Preview Content\"";
				ENABLE_PREVIEWS = YES;
				GENERATE_INFOPLIST_FILE = YES;
				INFOPLIST_FILE = "Jeremy-AI-Info.plist";
				INFOPLIST_KEY_NSAppleEventsUsageDescription = "";
				INFOPLIST_KEY_NSCalendarsUsageDescription = "";
				INFOPLIST_KEY_NSHumanReadableCopyright = "";
				LD_RUNPATH_SEARCH_PATHS = (
					"$(inherited)",
					"@executable_path/../Frameworks",
				);
				MACOSX_DEPLOYMENT_TARGET = 26.0;
				MARKETING_VERSION = 1.0;
				PRODUCT_BUNDLE_IDENTIFIER = "com.cjeremy.my-Jeremy-AI";
				PRODUCT_NAME = "$(TARGET_NAME)";
				SWIFT_EMIT_LOC_STRINGS = YES;
				SWIFT_VERSION = 5.0;
			};
			name = Release;
		};
		57C4BFA62FDA3ABA003F7F4C /* Debug */ = {
			isa = XCBuildConfiguration;
			buildSettings = {
				ALWAYS_EMBED_SWIFT_STANDARD_LIBRARIES = YES;
				BUNDLE_LOADER = "$(TEST_HOST)";
				CODE_SIGN_STYLE = Automatic;
				CURRENT_PROJECT_VERSION = 1;
				GENERATE_INFOPLIST_FILE = YES;
				MACOSX_DEPLOYMENT_TARGET = 14.1;
				MARKETING_VERSION = 1.0;
				PRODUCT_BUNDLE_IDENTIFIER = "com.cjeremy.Jeremy-AITests";
				PRODUCT_NAME = "$(TARGET_NAME)";
				SWIFT_EMIT_LOC_STRINGS = NO;
				SWIFT_VERSION = 5.0;
				TEST_HOST = "$(BUILT_PRODUCTS_DIR)/Jeremy AI.app/$(BUNDLE_EXECUTABLE_FOLDER_PATH)/Jeremy AI";
			};
			name = Debug;
		};
		57C4BFA72FDA3ABA003F7F4C /* Release */ = {
			isa = XCBuildConfiguration;
			buildSettings = {
				ALWAYS_EMBED_SWIFT_STANDARD_LIBRARIES = YES;
				BUNDLE_LOADER = "$(TEST_HOST)";
				CODE_SIGN_STYLE = Automatic;
				CURRENT_PROJECT_VERSION = 1;
				GENERATE_INFOPLIST_FILE = YES;
				MACOSX_DEPLOYMENT_TARGET = 14.1;
				MARKETING_VERSION = 1.0;
				PRODUCT_BUNDLE_IDENTIFIER = "com.cjeremy.Jeremy-AITests";
				PRODUCT_NAME = "$(TARGET_NAME)";
				SWIFT_EMIT_LOC_STRINGS = NO;
				SWIFT_VERSION = 5.0;
				TEST_HOST = "$(BUILT_PRODUCTS_DIR)/Jeremy AI.app/$(BUNDLE_EXECUTABLE_FOLDER_PATH)/Jeremy AI";
			};
			name = Release;
		};
		57C4BFA92FDA3ABA003F7F4C /* Debug */ = {
			isa = XCBuildConfiguration;
			buildSettings = {
				ALWAYS_EMBED_SWIFT_STANDARD_LIBRARIES = YES;
				CODE_SIGN_STYLE = Automatic;
				CURRENT_PROJECT_VERSION = 1;
				GENERATE_INFOPLIST_FILE = YES;
				MARKETING_VERSION = 1.0;
				PRODUCT_BUNDLE_IDENTIFIER = "com.cjeremy.Jeremy-AIUITests";
				PRODUCT_NAME = "$(TARGET_NAME)";
				SWIFT_EMIT_LOC_STRINGS = NO;
				SWIFT_VERSION = 5.0;
				TEST_TARGET_NAME = "Jeremy AI";
			};
			name = Debug;
		};
		57C4BFAA2FDA3ABA003F7F4C /* Release */ = {
			isa = XCBuildConfiguration;
			buildSettings = {
				ALWAYS_EMBED_SWIFT_STANDARD_LIBRARIES = YES;
				CODE_SIGN_STYLE = Automatic;
				CURRENT_PROJECT_VERSION = 1;
				GENERATE_INFOPLIST_FILE = YES;
				MARKETING_VERSION = 1.0;
				PRODUCT_BUNDLE_IDENTIFIER = "com.cjeremy.Jeremy-AIUITests";
				PRODUCT_NAME = "$(TARGET_NAME)";
				SWIFT_EMIT_LOC_STRINGS = NO;
				SWIFT_VERSION = 5.0;
				TEST_TARGET_NAME = "Jeremy AI";
			};
			name = Release;
		};
/* End XCBuildConfiguration section */

/* Begin XCConfigurationList section */
		57C4BF782FDA3AB9003F7F4C /* Build configuration list for PBXProject "Jeremy AI" */ = {
			isa = XCConfigurationList;
			buildConfigurations = (
				57C4BFA02FDA3ABA003F7F4C /* Debug */,
				57C4BFA12FDA3ABA003F7F4C /* Release */,
			);
			defaultConfigurationIsVisible = 0;
			defaultConfigurationName = Release;
		};
		57C4BFA22FDA3ABA003F7F4C /* Build configuration list for PBXNativeTarget "Jeremy AI" */ = {
			isa = XCConfigurationList;
			buildConfigurations = (
				57C4BFA32FDA3ABA003F7F4C /* Debug */,
				57C4BFA42FDA3ABA003F7F4C /* Release */,
			);
			defaultConfigurationIsVisible = 0;
			defaultConfigurationName = Release;
		};
		57C4BFA52FDA3ABA003F7F4C /* Build configuration list for PBXNativeTarget "Jeremy AITests" */ = {
			isa = XCConfigurationList;
			buildConfigurations = (
				57C4BFA62FDA3ABA003F7F4C /* Debug */,
				57C4BFA72FDA3ABA003F7F4C /* Release */,
			);
			defaultConfigurationIsVisible = 0;
			defaultConfigurationName = Release;
		};
		57C4BFA82FDA3ABA003F7F4C /* Build configuration list for PBXNativeTarget "Jeremy AIUITests" */ = {
			isa = XCConfigurationList;
			buildConfigurations = (
				57C4BFA92FDA3ABA003F7F4C /* Debug */,
				57C4BFAA2FDA3ABA003F7F4C /* Release */,
			);
			defaultConfigurationIsVisible = 0;
			defaultConfigurationName = Release;
		};
/* End XCConfigurationList section */
	};
	rootObject = 57C4BF752FDA3AB9003F7F4C /* Project object */;
}
